
Microsoft Visual Studio Solution File, Format Version 12.00
# Visual Studio Version 17
VisualStudioVersion = 17.9.34616.47
MinimumVisualStudioVersion = 10.0.40219.1
Project("{FAE04EC0-301F-11D3-BF4B-00C04F79EFBC}") = "Portfolio-with-ASP.NET", "Portfolio-with-ASP.NET\Portfolio-with-ASP.NET.csproj", "{665AAC42-2739-4E62-B4F3-A44E7BAC4079}"
EndProject
Global
	GlobalSection(SolutionConfigurationPlatforms) = preSolution
		Debug|Any CPU = Debug|Any CPU
		Release|Any CPU = Release|Any CPU
	EndGlobalSection
	GlobalSection(ProjectConfigurationPlatforms) = postSolution
		{665AAC42-2739-4E62-B4F3-A44E7BAC4079}.Debug|Any CPU.ActiveCfg = Debug|Any CPU
		{665AAC42-2739-4E62-B4F3-A44E7BAC4079}.Debug|Any CPU.Build.0 = Debug|Any CPU
		{665AAC42-2739-4E62-B4F3-A44E7BAC4079}.Release|Any CPU.ActiveCfg = Release|Any CPU
		{665AAC42-2739-4E62-B4F3-A44E7BAC4079}.Release|Any CPU.Build.0 = Release|Any CPU
	EndGlobalSection
	GlobalSection(SolutionProperties) = preSolution
		HideSolutionNode = FALSE
	EndGlobalSection
	GlobalSection(ExtensibilityGlobals) = postSolution
		SolutionGuid = {69B40E91-ED0E-4972-B736-2888203AE34F}
	EndGlobalSection
EndGlobal
